
Microsoft Visual Studio Solution File, Format Version 12.00
# Visual Studio Version 17
VisualStudioVersion = 17.13.35818.85 d17.13
MinimumVisualStudioVersion = 10.0.40219.1
Project("{FAE04EC0-301F-11D3-BF4B-00C04F79EFBC}") = "Calculator-C#", "Calculator-C#\Calculator-C#.csproj", "{CCEE79E5-D44B-4163-88F2-15DB81B8035B}"
EndProject
Global
	GlobalSection(SolutionConfigurationPlatforms) = preSolution
		Debug|Any CPU = Debug|Any CPU
		Release|Any CPU = Release|Any CPU
	EndGlobalSection
	GlobalSection(ProjectConfigurationPlatforms) = postSolution
		{CCEE79E5-D44B-4163-88F2-15DB81B8035B}.Debug|Any CPU.ActiveCfg = Debug|Any CPU
		{CCEE79E5-D44B-4163-88F2-15DB81B8035B}.Debug|Any CPU.Build.0 = Debug|Any CPU
		{CCEE79E5-D44B-4163-88F2-15DB81B8035B}.Release|Any CPU.ActiveCfg = Release|Any CPU
		{CCEE79E5-D44B-4163-88F2-15DB81B8035B}.Release|Any CPU.Build.0 = Release|Any CPU
	EndGlobalSection
	GlobalSection(SolutionProperties) = preSolution
		HideSolutionNode = FALSE
	EndGlobalSection
	GlobalSection(ExtensibilityGlobals) = postSolution
		SolutionGuid = {B973B96C-B15F-44B6-A350-41BC2949FE7A}
	EndGlobalSection
EndGlobal
